// !$*UTF8*$!
{
	archiveVersion = 1;
	classes = {
	};
	objectVersion = 46;
	objects = {

/* Begin PBXBuildFile section */
		B28109F519C13A0F00008F0B /* AppDelegate.swift in Sources */ = {isa = PBXBuildFile; fileRef = B28109F419C13A0F00008F0B /* AppDelegate.swift */; };
		B28109F719C13A0F00008F0B /* ViewController.swift in Sources */ = {isa = PBXBuildFile; fileRef = B28109F619C13A0F00008F0B /* ViewController.swift */; };
		B28109FA19C13A0F00008F0B /* Main.storyboard in Resources */ = {isa = PBXBuildFile; fileRef = B28109F819C13A0F00008F0B /* Main.storyboard */; };
		B28109FC19C13A0F00008F0B /* Images.xcassets in Resources */ = {isa = PBXBuildFile; fileRef = B28109FB19C13A0F00008F0B /* Images.xcassets */; };
		B28109FF19C13A0F00008F0B /* LaunchScreen.xib in Resources */ = {isa = PBXBuildFile; fileRef = B28109FD19C13A0F00008F0B /* LaunchScreen.xib */; };
		B2810A0B19C13A0F00008F0B /* VisitingsTests.swift in Sources */ = {isa = PBXBuildFile; fileRef = B2810A0A19C13A0F00008F0B /* VisitingsTests.swift */; };
/* End PBXBuildFile section */

/* Begin PBXContainerItemProxy section */
		B2810A0519C13A0F00008F0B /* PBXContainerItemProxy */ = {
			isa = PBXContainerItemProxy;
			containerPortal = B28109E719C13A0F00008F0B /* Project object */;
			proxyType = 1;
			remoteGlobalIDString = B28109EE19C13A0F00008F0B;
			remoteInfo = Visitings;
		};
/* End PBXContainerItemProxy section */

/* Begin PBXFileReference section */
		B28109EF19C13A0F00008F0B /* Visitings.app */ = {isa = PBXFileReference; explicitFileType = wrapper.application; includeInIndex = 0; path = Visitings.app; sourceTree = BUILT_PRODUCTS_DIR; };
		B28109F319C13A0F00008F0B /* Info.plist */ = {isa = PBXFileReference; lastKnownFileType = text.plist.xml; path = Info.plist; sourceTree = "<group>"; };
		B28109F419C13A0F00008F0B /* AppDelegate.swift */ = {isa = PBXFileReference; lastKnownFileType = sourcecode.swift; path = AppDelegate.swift; sourceTree = "<group>"; };
		B28109F619C13A0F00008F0B /* ViewController.swift */ = {isa = PBXFileReference; lastKnownFileType = sourcecode.swift; path = ViewController.swift; sourceTree = "<group>"; };
		B28109F919C13A0F00008F0B /* Base */ = {isa = PBXFileReference; lastKnownFileType = file.storyboard; name = Base; path = Base.lproj/Main.storyboard; sourceTree = "<group>"; };
		B28109FB19C13A0F00008F0B /* Images.xcassets */ = {isa = PBXFileReference; lastKnownFileType = folder.assetcatalog; path = Images.xcassets; sourceTree = "<group>"; };
		B28109FE19C13A0F00008F0B /* Base */ = {isa = PBXFileReference; lastKnownFileType = file.xib; name = Base; path = Base.lproj/LaunchScreen.xib; sourceTree = "<group>"; };
		B2810A0419C13A0F00008F0B /* VisitingsTests.xctest */ = {isa = PBXFileReference; explicitFileType = wrapper.cfbundle; includeInIndex = 0; path = VisitingsTests.xctest; sourceTree = BUILT_PRODUCTS_DIR; };
		B2810A0919C13A0F00008F0B /* Info.plist */ = {isa = PBXFileReference; lastKnownFileType = text.plist.xml; path = Info.plist; sourceTree = "<group>"; };
		B2810A0A19C13A0F00008F0B /* VisitingsTests.swift */ = {isa = PBXFileReference; lastKnownFileType = sourcecode.swift; path = VisitingsTests.swift; sourceTree = "<group>"; };
/* End PBXFileReference section */

/* Begin PBXFrameworksBuildPhase section */
		B28109EC19C13A0F00008F0B /* Frameworks */ = {
			isa = PBXFrameworksBuildPhase;
			buildActionMask = 2147483647;
			files = (
			);
			runOnlyForDeploymentPostprocessing = 0;
		};
		B2810A0119C13A0F00008F0B /* Frameworks */ = {
			isa = PBXFrameworksBuildPhase;
			buildActionMask = 2147483647;
			files = (
			);
			runOnlyForDeploymentPostprocessing = 0;
		};
/* End PBXFrameworksBuildPhase section */

/* Begin PBXGroup section */
		B28109E619C13A0F00008F0B = {
			isa = PBXGroup;
			children = (
				B28109F119C13A0F00008F0B /* Visitings */,
				B2810A0719C13A0F00008F0B /* VisitingsTests */,
				B28109F019C13A0F00008F0B /* Products */,
			);
			sourceTree = "<group>";
		};
		B28109F019C13A0F00008F0B /* Products */ = {
			isa = PBXGroup;
			children = (
				B28109EF19C13A0F00008F0B /* Visitings.app */,
				B2810A0419C13A0F00008F0B /* VisitingsTests.xctest */,
			);
			name = Products;
			sourceTree = "<group>";
		};
		B28109F119C13A0F00008F0B /* Visitings */ = {
			isa = PBXGroup;
			children = (
				B28109F419C13A0F00008F0B /* AppDelegate.swift */,
				B28109F619C13A0F00008F0B /* ViewController.swift */,
				B28109F819C13A0F00008F0B /* Main.storyboard */,
				B28109FB19C13A0F00008F0B /* Images.xcassets */,
				B28109FD19C13A0F00008F0B /* LaunchScreen.xib */,
				B28109F219C13A0F00008F0B /* Supporting Files */,
			);
			path = Visitings;
			sourceTree = "<group>";
		};
		B28109F219C13A0F00008F0B /* Supporting Files */ = {
			isa = PBXGroup;
			children = (
				B28109F319C13A0F00008F0B /* Info.plist */,
			);
			name = "Supporting Files";
			sourceTree = "<group>";
		};
		B2810A0719C13A0F00008F0B /* VisitingsTests */ = {
			isa = PBXGroup;
			children = (
				B2810A0A19C13A0F00008F0B /* VisitingsTests.swift */,
				B2810A0819C13A0F00008F0B /* Supporting Files */,
			);
			path = VisitingsTests;
			sourceTree = "<group>";
		};
		B2810A0819C13A0F00008F0B /* Supporting Files */ = {
			isa = PBXGroup;
			children = (
				B2810A0919C13A0F00008F0B /* Info.plist */,
			);
			name = "Supporting Files";
			sourceTree = "<group>";
		};
/* End PBXGroup section */

/* Begin PBXNativeTarget section */
		B28109EE19C13A0F00008F0B /* Visitings */ = {
			isa = PBXNativeTarget;
			buildConfigurationList = B2810A0E19C13A0F00008F0B /* Build configuration list for PBXNativeTarget "Visitings" */;
			buildPhases = (
				B28109EB19C13A0F00008F0B /* Sources */,
				B28109EC19C13A0F00008F0B /* Frameworks */,
				B28109ED19C13A0F00008F0B /* Resources */,
			);
			buildRules = (
			);
			dependencies = (
			);
			name = Visitings;
			productName = Visitings;
			productReference = B28109EF19C13A0F00008F0B /* Visitings.app */;
			productType = "com.apple.product-type.application";
		};
		B2810A0319C13A0F00008F0B /* VisitingsTests */ = {
			isa = PBXNativeTarget;
			buildConfigurationList = B2810A1119C13A0F00008F0B /* Build configuration list for PBXNativeTarget "VisitingsTests" */;
			buildPhases = (
				B2810A0019C13A0F00008F0B /* Sources */,
				B2810A0119C13A0F00008F0B /* Frameworks */,
				B2810A0219C13A0F00008F0B /* Resources */,
			);
			buildRules = (
			);
			dependencies = (
				B2810A0619C13A0F00008F0B /* PBXTargetDependency */,
			);
			name = VisitingsTests;
			productName = VisitingsTests;
			productReference = B2810A0419C13A0F00008F0B /* VisitingsTests.xctest */;
			productType = "com.apple.product-type.bundle.unit-test";
		};
/* End PBXNativeTarget section */

/* Begin PBXProject section */
		B28109E719C13A0F00008F0B /* Project object */ = {
			isa = PBXProject;
			attributes = {
				LastUpgradeCheck = 0600;
				ORGANIZATIONNAME = "On The Pursuit";
				TargetAttributes = {
					B28109EE19C13A0F00008F0B = {
						CreatedOnToolsVersion = 6.0;
					};
					B2810A0319C13A0F00008F0B = {
						CreatedOnToolsVersion = 6.0;
						TestTargetID = B28109EE19C13A0F00008F0B;
					};
				};
			};
			buildConfigurationList = B28109EA19C13A0F00008F0B /* Build configuration list for PBXProject "Visitings" */;
			compatibilityVersion = "Xcode 3.2";
			developmentRegion = English;
			hasScannedForEncodings = 0;
			knownRegions = (
				en,
				Base,
			);
			mainGroup = B28109E619C13A0F00008F0B;
			productRefGroup = B28109F019C13A0F00008F0B /* Products */;
			projectDirPath = "";
			projectRoot = "";
			targets = (
				B28109EE19C13A0F00008F0B /* Visitings */,
				B2810A0319C13A0F00008F0B /* VisitingsTests */,
			);
		};
/* End PBXProject section */

/* Begin PBXResourcesBuildPhase section */
		B28109ED19C13A0F00008F0B /* Resources */ = {
			isa = PBXResourcesBuildPhase;
			buildActionMask = 2147483647;
			files = (
				B28109FA19C13A0F00008F0B /* Main.storyboard in Resources */,
				B28109FF19C13A0F00008F0B /* LaunchScreen.xib in Resources */,
				B28109FC19C13A0F00008F0B /* Images.xcassets in Resources */,
			);
			runOnlyForDeploymentPostprocessing = 0;
		};
		B2810A0219C13A0F00008F0B /* Resources */ = {
			isa = PBXResourcesBuildPhase;
			buildActionMask = 2147483647;
			files = (
			);
			runOnlyForDeploymentPostprocessing = 0;
		};
/* End PBXResourcesBuildPhase section */

/* Begin PBXSourcesBuildPhase section */
		B28109EB19C13A0F00008F0B /* Sources */ = {
			isa = PBXSourcesBuildPhase;
			buildActionMask = 2147483647;
			files = (
				B28109F719C13A0F00008F0B /* ViewController.swift in Sources */,
				B28109F519C13A0F00008F0B /* AppDelegate.swift in Sources */,
			);
			runOnlyForDeploymentPostprocessing = 0;
		};
		B2810A0019C13A0F00008F0B /* Sources */ = {
			isa = PBXSourcesBuildPhase;
			buildActionMask = 2147483647;
			files = (
				B2810A0B19C13A0F00008F0B /* VisitingsTests.swift in Sources */,
			);
			runOnlyForDeploymentPostprocessing = 0;
		};
/* End PBXSourcesBuildPhase section */

/* Begin PBXTargetDependency section */
		B2810A0619C13A0F00008F0B /* PBXTargetDependency */ = {
			isa = PBXTargetDependency;
			target = B28109EE19C13A0F00008F0B /* Visitings */;
			targetProxy = B2810A0519C13A0F00008F0B /* PBXContainerItemProxy */;
		};
/* End PBXTargetDependency section */

/* Begin PBXVariantGroup section */
		B28109F819C13A0F00008F0B /* Main.storyboard */ = {
			isa = PBXVariantGroup;
			children = (
				B28109F919C13A0F00008F0B /* Base */,
			);
			name = Main.storyboard;
			sourceTree = "<group>";
		};
		B28109FD19C13A0F00008F0B /* LaunchScreen.xib */ = {
			isa = PBXVariantGroup;
			children = (
				B28109FE19C13A0F00008F0B /* Base */,
			);
			name = LaunchScreen.xib;
			sourceTree = "<group>";
		};
/* End PBXVariantGroup section */

/* Begin XCBuildConfiguration section */
		B2810A0C19C13A0F00008F0B /* Debug */ = {
			isa = XCBuildConfiguration;
			buildSettings = {
				ALWAYS_SEARCH_USER_PATHS = NO;
				CLANG_CXX_LANGUAGE_STANDARD = "gnu++0x";
				CLANG_CXX_LIBRARY = "libc++";
				CLANG_ENABLE_MODULES = YES;
				CLANG_ENABLE_OBJC_ARC = YES;
				CLANG_WARN_BOOL_CONVERSION = YES;
				CLANG_WARN_CONSTANT_CONVERSION = YES;
				CLANG_WARN_DIRECT_OBJC_ISA_USAGE = YES_ERROR;
				CLANG_WARN_EMPTY_BODY = YES;
				CLANG_WARN_ENUM_CONVERSION = YES;
				CLANG_WARN_INT_CONVERSION = YES;
				CLANG_WARN_OBJC_ROOT_CLASS = YES_ERROR;
				CLANG_WARN_UNREACHABLE_CODE = YES;
				CLANG_WARN__DUPLICATE_METHOD_MATCH = YES;
				"CODE_SIGN_IDENTITY[sdk=iphoneos*]" = "iPhone Developer";
				COPY_PHASE_STRIP = NO;
				ENABLE_STRICT_OBJC_MSGSEND = YES;
				GCC_C_LANGUAGE_STANDARD = gnu99;
				GCC_DYNAMIC_NO_PIC = NO;
				GCC_OPTIMIZATION_LEVEL = 0;
				GCC_PREPROCESSOR_DEFINITIONS = (
					"DEBUG=1",
					"$(inherited)",
				);
				GCC_SYMBOLS_PRIVATE_EXTERN = NO;
				GCC_WARN_64_TO_32_BIT_CONVERSION = YES;
				GCC_WARN_ABOUT_RETURN_TYPE = YES_ERROR;
				GCC_WARN_UNDECLARED_SELECTOR = YES;
				GCC_WARN_UNINITIALIZED_AUTOS = YES_AGGRESSIVE;
				GCC_WARN_UNUSED_FUNCTION = YES;
				GCC_WARN_UNUSED_VARIABLE = YES;
				IPHONEOS_DEPLOYMENT_TARGET = 8.0;
				MTL_ENABLE_DEBUG_INFO = YES;
				ONLY_ACTIVE_ARCH = YES;
				SDKROOT = iphoneos;
				SWIFT_OPTIMIZATION_LEVEL = "-Onone";
			};
			name = Debug;
		};
		B2810A0D19C13A0F00008F0B /* Release */ = {
			isa = XCBuildConfiguration;
			buildSettings = {
				ALWAYS_SEARCH_USER_PATHS = NO;
				CLANG_CXX_LANGUAGE_STANDARD = "gnu++0x";
				CLANG_CXX_LIBRARY = "libc++";
				CLANG_ENABLE_MODULES = YES;
				CLANG_ENABLE_OBJC_ARC = YES;
				CLANG_WARN_BOOL_CONVERSION = YES;
				CLANG_WARN_CONSTANT_CONVERSION = YES;
				CLANG_WARN_DIRECT_OBJC_ISA_USAGE = YES_ERROR;
				CLANG_WARN_EMPTY_BODY = YES;
				CLANG_WARN_ENUM_CONVERSION = YES;
				CLANG_WARN_INT_CONVERSION = YES;
				CLANG_WARN_OBJC_ROOT_CLASS = YES_ERROR;
				CLANG_WARN_UNREACHABLE_CODE = YES;
				CLANG_WARN__DUPLICATE_METHOD_MATCH = YES;
				"CODE_SIGN_IDENTITY[sdk=iphoneos*]" = "iPhone Developer";
				COPY_PHASE_STRIP = YES;
				ENABLE_NS_ASSERTIONS = NO;
				ENABLE_STRICT_OBJC_MSGSEND = YES;
				GCC_C_LANGUAGE_STANDARD = gnu99;
				GCC_WARN_64_TO_32_BIT_CONVERSION = YES;
				GCC_WARN_ABOUT_RETURN_TYPE = YES_ERROR;
				GCC_WARN_UNDECLARED_SELECTOR = YES;
				GCC_WARN_UNINITIALIZED_AUTOS = YES_AGGRESSIVE;
				GCC_WARN_UNUSED_FUNCTION = YES;
				GCC_WARN_UNUSED_VARIABLE = YES;
				IPHONEOS_DEPLOYMENT_TARGET = 8.0;
				MTL_ENABLE_DEBUG_INFO = NO;
				SDKROOT = iphoneos;
				VALIDATE_PRODUCT = YES;
			};
			name = Release;
		};
		B2810A0F19C13A0F00008F0B /* Debug */ = {
			isa = XCBuildConfiguration;
			buildSettings = {
				ASSETCATALOG_COMPILER_APPICON_NAME = AppIcon;
				INFOPLIST_FILE = Visitings/Info.plist;
				LD_RUNPATH_SEARCH_PATHS = "$(inherited) @executable_path/Frameworks";
				PRODUCT_NAME = "$(TARGET_NAME)";
			};
			name = Debug;
		};
		B2810A1019C13A0F00008F0B /* Release */ = {
			isa = XCBuildConfiguration;
			buildSettings = {
				ASSETCATALOG_COMPILER_APPICON_NAME = AppIcon;
				INFOPLIST_FILE = Visitings/Info.plist;
				LD_RUNPATH_SEARCH_PATHS = "$(inherited) @executable_path/Frameworks";
				PRODUCT_NAME = "$(TARGET_NAME)";
			};
			name = Release;
		};
		B2810A1219C13A0F00008F0B /* Debug */ = {
			isa = XCBuildConfiguration;
			buildSettings = {
				BUNDLE_LOADER = "$(TEST_HOST)";
				FRAMEWORK_SEARCH_PATHS = (
					"$(SDKROOT)/Developer/Library/Frameworks",
					"$(inherited)",
				);
				GCC_PREPROCESSOR_DEFINITIONS = (
					"DEBUG=1",
					"$(inherited)",
				);
				INFOPLIST_FILE = VisitingsTests/Info.plist;
				LD_RUNPATH_SEARCH_PATHS = "$(inherited) @executable_path/Frameworks @loader_path/Frameworks";
				PRODUCT_NAME = "$(TARGET_NAME)";
				TEST_HOST = "$(BUILT_PRODUCTS_DIR)/Visitings.app/Visitings";
			};
			name = Debug;
		};
		B2810A1319C13A0F00008F0B /* Release */ = {
			isa = XCBuildConfiguration;
			buildSettings = {
				BUNDLE_LOADER = "$(TEST_HOST)";
				FRAMEWORK_SEARCH_PATHS = (
					"$(SDKROOT)/Developer/Library/Frameworks",
					"$(inherited)",
				);
				INFOPLIST_FILE = VisitingsTests/Info.plist;
				LD_RUNPATH_SEARCH_PATHS = "$(inherited) @executable_path/Frameworks @loader_path/Frameworks";
				PRODUCT_NAME = "$(TARGET_NAME)";
				TEST_HOST = "$(BUILT_PRODUCTS_DIR)/Visitings.app/Visitings";
			};
			name = Release;
		};
/* End XCBuildConfiguration section */

/* Begin XCConfigurationList section */
		B28109EA19C13A0F00008F0B /* Build configuration list for PBXProject "Visitings" */ = {
			isa = XCConfigurationList;
			buildConfigurations = (
				B2810A0C19C13A0F00008F0B /* Debug */,
				B2810A0D19C13A0F00008F0B /* Release */,
			);
			defaultConfigurationIsVisible = 0;
			defaultConfigurationName = Release;
		};
		B2810A0E19C13A0F00008F0B /* Build configuration list for PBXNativeTarget "Visitings" */ = {
			isa = XCConfigurationList;
			buildConfigurations = (
				B2810A0F19C13A0F00008F0B /* Debug */,
				B2810A1019C13A0F00008F0B /* Release */,
			);
			defaultConfigurationIsVisible = 0;
		};
		B2810A1119C13A0F00008F0B /* Build configuration list for PBXNativeTarget "VisitingsTests" */ = {
			isa = XCConfigurationList;
			buildConfigurations = (
				B2810A1219C13A0F00008F0B /* Debug */,
				B2810A1319C13A0F00008F0B /* Release */,
			);
			defaultConfigurationIsVisible = 0;
		};
/* End XCConfigurationList section */
	};
	rootObject = B28109E719C13A0F00008F0B /* Project object */;
}
